{
 "graph_lock": {
  "nodes": {
   "0": {
    "options": "libdwarf:shared=False\nlibelf:shared=False\nlief:shared=False\nlief:with_art=True\nlief:with_c_api=True\nlief:with_dex=True\nlief:with_elf=True\nlief:with_frozen=True\nlief:with_json=True\nlief:with_macho=True\nlief:with_oat=True\nlief:with_pe=True\nlief:with_vdex=True\nmbedtls:shared=False\nmbedtls:with_zlib=True\nzlib:minizip=deprecated\nzlib:shared=False",
    "requires": [
     "1",
     "4"
    ],
    "path": "conanfile.txt",
    "context": "host"
   },
   "1": {
    "ref": "libdwarf/20191104",
    "options": "shared=False\nlibelf:shared=False\nzlib:minizip=deprecated\nzlib:shared=False",
    "package_id": "d4241079d50393bfd9fa5ae2b47bdfde776f31c3",
    "prev": "0",
    "requires": [
     "2",
     "3"
    ],
    "context": "host"
   },
   "2": {
    "ref": "libelf/0.8.13",
    "options": "shared=False",
    "package_id": "3fb49604f9c2f729b85ba3115852006824e72cab",
    "prev": "0",
    "context": "host"
   },
   "3": {
    "ref": "zlib/1.2.11",
    "options": "minizip=deprecated\nshared=False",
    "package_id": "3fb49604f9c2f729b85ba3115852006824e72cab",
    "prev": "0",
    "context": "host"
   },
   "4": {
    "ref": "lief/0.10.1",
    "options": "shared=False\nwith_art=True\nwith_c_api=True\nwith_dex=True\nwith_elf=True\nwith_frozen=True\nwith_json=True\nwith_macho=True\nwith_oat=True\nwith_pe=True\nwith_vdex=True\nmbedtls:shared=False\nmbedtls:with_zlib=True\nzlib:minizip=deprecated\nzlib:shared=False",
    "package_id": "45ac3383eca66f234d22211781dd97746fc82bb3",
    "prev": "0",
    "requires": [
     "5",
     "6",
     "7",
     "8"
    ],
    "context": "host"
   },
   "5": {
    "ref": "rang/3.1.0",
    "options": "",
    "package_id": "5ab84d6acfe1f23c4fae0ab88f26e3a396351ac9",
    "prev": "0",
    "context": "host"
   },
   "6": {
    "ref": "mbedtls/2.16.3-apache",
    "options": "shared=False\nwith_zlib=True\nzlib:minizip=deprecated\nzlib:shared=False",
    "package_id": "d8ac7a0f959aa6a09fd6a37c84b5d5aa5d138d1f",
    "prev": "0",
    "requires": [
     "3"
    ],
    "context": "host"
   },
   "7": {
    "ref": "nlohmann_json/3.9.1",
    "options": "",
    "package_id": "5ab84d6acfe1f23c4fae0ab88f26e3a396351ac9",
    "prev": "0",
    "context": "host"
   },
   "8": {
    "ref": "frozen/1.0.0",
    "options": "",
    "package_id": "5ab84d6acfe1f23c4fae0ab88f26e3a396351ac9",
    "prev": "0",
    "context": "host"
   }
  },
  "revisions_enabled": false
 },
 "version": "0.4",
 "profile_host": "[settings]\narch=x86_64\narch_build=x86_64\nbuild_type=Release\ncompiler=Visual Studio\ncompiler.runtime=MD\ncompiler.version=16\nos=Windows\nos_build=Windows\n[options]\n[build_requires]\n[env]\n"
}